{
	"name": "@rtm-ui/theme",
	"version": "4.2.0",
	"lockfileVersion": 3,
	"requires": true,
	"packages": {
		"": {
			"name": "@rtm-ui/theme",
			"version": "4.2.0",
			"license": "UNLICENSED",
			"dependencies": {
				"lodash.clonedeep": "^4.5.0",
				"lodash.topath": "4.5.2"
			},
			"peerDependencies": {
				"prop-types": "15.x",
				"react": "16.x",
				"styled-components": "4.x"
			}
		},
		"node_modules/lodash.clonedeep": {
			"version": "4.5.0",
			"resolved": "https://registry.npmjs.org/lodash.clonedeep/-/lodash.clonedeep-4.5.0.tgz",
			"integrity": "sha512-H5ZhCF25riFd9uB5UCkVKo61m3S/xZk1x4wA6yp/L3RFP6Z/eHH1ymQcGLo7J3GMPfm0V/7m1tryHuGVxpqEBQ=="
		},
		"node_modules/lodash.topath": {
			"version": "4.5.2",
			"resolved": "https://registry.npmjs.org/lodash.topath/-/lodash.topath-4.5.2.tgz",
			"integrity": "sha512-1/W4dM+35DwvE/iEd1M9ekewOSTlpFekhw9mhAtrwjVqUr83/ilQiyAvmg4tVX7Unkcfl1KC+i9WdaT4B6aQcg=="
		}
	}
}
