{
	"name": "@rtm-ui/tracker",
	"version": "5.9.6",
	"lockfileVersion": 3,
	"requires": true,
	"packages": {
		"": {
			"name": "@rtm-ui/tracker",
			"version": "5.9.6",
			"license": "UNLICENSED",
			"dependencies": {
				"axios": "^0.21.1",
				"universal-cookie": "^3.0.3"
			},
			"peerDependencies": {
				"prop-types": "15.x",
				"react": "16.x",
				"styled-components": "4.x"
			}
		},
		"node_modules/@types/cookie": {
			"version": "0.3.3",
			"resolved": "https://registry.npmjs.org/@types/cookie/-/cookie-0.3.3.tgz",
			"integrity": "sha512-LKVP3cgXBT9RYj+t+9FDKwS5tdI+rPBXaNSkma7hvqy35lc7mAokC2zsqWJH0LaqIt3B962nuYI77hsJoT1gow=="
		},
		"node_modules/@types/object-assign": {
			"version": "4.0.33",
			"resolved": "https://registry.npmjs.org/@types/object-assign/-/object-assign-4.0.33.tgz",
			"integrity": "sha512-HeuamLPmpVPuJU/oY7z/YGAezy4HFy6mhvzwupi9Xc8n0FKY8tR1/U3AKaOn/I5Mb4dvbw2szSYcXi84eW07TQ=="
		},
		"node_modules/axios": {
			"version": "0.21.4",
			"resolved": "https://registry.npmjs.org/axios/-/axios-0.21.4.tgz",
			"integrity": "sha512-ut5vewkiu8jjGBdqpM44XxjuCjq9LAKeHVmoVfHVzy8eHgxxq8SbAVQNovDA8mVi05kP0Ea/n/UzcSHcTJQfNg==",
			"dependencies": {
				"follow-redirects": "^1.14.0"
			}
		},
		"node_modules/cookie": {
			"version": "0.3.1",
			"resolved": "https://registry.npmjs.org/cookie/-/cookie-0.3.1.tgz",
			"integrity": "sha512-+IJOX0OqlHCszo2mBUq+SrEbCj6w7Kpffqx60zYbPTFaO4+yYgRjHwcZNpWvaTylDHaV7PPmBHzSecZiMhtPgw==",
			"engines": {
				"node": ">= 0.6"
			}
		},
		"node_modules/follow-redirects": {
			"version": "1.15.9",
			"resolved": "https://registry.npmjs.org/follow-redirects/-/follow-redirects-1.15.9.tgz",
			"integrity": "sha512-gew4GsXizNgdoRyqmyfMHyAmXsZDk6mHkSxZFCzW9gwlbtOW44CDtYavM+y+72qD/Vq2l550kMF52DT8fOLJqQ==",
			"funding": [
				{
					"type": "individual",
					"url": "https://github.com/sponsors/RubenVerborgh"
				}
			],
			"engines": {
				"node": ">=4.0"
			},
			"peerDependenciesMeta": {
				"debug": {
					"optional": true
				}
			}
		},
		"node_modules/object-assign": {
			"version": "4.1.1",
			"resolved": "https://registry.npmjs.org/object-assign/-/object-assign-4.1.1.tgz",
			"integrity": "sha512-rJgTQnkUnH1sFw8yT6VSU3zD3sWmu6sZhIseY8VX+GRu3P6F7Fu+JNDoXfklElbLJSnc3FUQHVe4cU5hj+BcUg==",
			"engines": {
				"node": ">=0.10.0"
			}
		},
		"node_modules/universal-cookie": {
			"version": "3.1.0",
			"resolved": "https://registry.npmjs.org/universal-cookie/-/universal-cookie-3.1.0.tgz",
			"integrity": "sha512-sP6WuFgqIUro7ikgI2ndrsw9Ro+YvVBe5O9cQfWnjTicpLaSMUEUUDjQF8m8utzWF2ONl7tRkcZd7v4n6NnzjQ==",
			"dependencies": {
				"@types/cookie": "^0.3.1",
				"@types/object-assign": "^4.0.30",
				"cookie": "^0.3.1",
				"object-assign": "^4.1.0"
			}
		}
	}
}
